
Microsoft Visual Studio Solution File, Format Version 12.00
# Visual Studio Version 17
VisualStudioVersion = 17.7.34024.191
MinimumVisualStudioVersion = 10.0.40219.1
Project("{9A19103F-16F7-4668-BE54-9A1E7A4F7556}") = "TrackerLibrary", "TrackerLibrary\TrackerLibrary.csproj", "{A68D5F22-7764-488A-B5DF-FB9686A911C0}"
EndProject
Project("{FAE04EC0-301F-11D3-BF4B-00C04F79EFBC}") = "TrackerUI", "TrackerUI\TrackerUI.csproj", "{63A25B03-1FDA-4744-8006-8230DAA5276C}"
EndProject
Global
	GlobalSection(SolutionConfigurationPlatforms) = preSolution
		Debug|Any CPU = Debug|Any CPU
		Release|Any CPU = Release|Any CPU
	EndGlobalSection
	GlobalSection(ProjectConfigurationPlatforms) = postSolution
		{A68D5F22-7764-488A-B5DF-FB9686A911C0}.Debug|Any CPU.ActiveCfg = Debug|Any CPU
		{A68D5F22-7764-488A-B5DF-FB9686A911C0}.Debug|Any CPU.Build.0 = Debug|Any CPU
		{A68D5F22-7764-488A-B5DF-FB9686A911C0}.Release|Any CPU.ActiveCfg = Release|Any CPU
		{A68D5F22-7764-488A-B5DF-FB9686A911C0}.Release|Any CPU.Build.0 = Release|Any CPU
		{63A25B03-1FDA-4744-8006-8230DAA5276C}.Debug|Any CPU.ActiveCfg = Debug|Any CPU
		{63A25B03-1FDA-4744-8006-8230DAA5276C}.Debug|Any CPU.Build.0 = Debug|Any CPU
		{63A25B03-1FDA-4744-8006-8230DAA5276C}.Release|Any CPU.ActiveCfg = Release|Any CPU
		{63A25B03-1FDA-4744-8006-8230DAA5276C}.Release|Any CPU.Build.0 = Release|Any CPU
	EndGlobalSection
	GlobalSection(SolutionProperties) = preSolution
		HideSolutionNode = FALSE
	EndGlobalSection
	GlobalSection(ExtensibilityGlobals) = postSolution
		SolutionGuid = {FEABFF54-769A-4D08-AAD9-3B6CA40427AD}
	EndGlobalSection
EndGlobal
